// !$*UTF8*$!
{
	archiveVersion = 1;
	classes = {
	};
	objectVersion = 46;
	objects = {

/* Begin PBXBuildFile section */
		4C627AEE1A0BD026001D0133 /* main.m in Sources */ = {isa = PBXBuildFile; fileRef = 4C627AED1A0BD026001D0133 /* main.m */; };
		4C627AF11A0BD026001D0133 /* AppDelegate.m in Sources */ = {isa = PBXBuildFile; fileRef = 4C627AF01A0BD026001D0133 /* AppDelegate.m */; };
		4C627AF71A0BD026001D0133 /* DetailViewController.m in Sources */ = {isa = PBXBuildFile; fileRef = 4C627AF61A0BD026001D0133 /* DetailViewController.m */; };
		4C627AFA1A0BD026001D0133 /* Main.storyboard in Resources */ = {isa = PBXBuildFile; fileRef = 4C627AF81A0BD026001D0133 /* Main.storyboard */; };
		4C627AFC1A0BD026001D0133 /* Images.xcassets in Resources */ = {isa = PBXBuildFile; fileRef = 4C627AFB1A0BD026001D0133 /* Images.xcassets */; };
		4C627AFF1A0BD026001D0133 /* LaunchScreen.xib in Resources */ = {isa = PBXBuildFile; fileRef = 4C627AFD1A0BD026001D0133 /* LaunchScreen.xib */; };
		4C627B0B1A0BD026001D0133 /* Grocery_ListTests.m in Sources */ = {isa = PBXBuildFile; fileRef = 4C627B0A1A0BD026001D0133 /* Grocery_ListTests.m */; };
		4C627B1A1A0BD079001D0133 /* AudioToolbox.framework in Frameworks */ = {isa = PBXBuildFile; fileRef = 4C627B191A0BD079001D0133 /* AudioToolbox.framework */; };
		4C627B1C1A0BD089001D0133 /* CFNetwork.framework in Frameworks */ = {isa = PBXBuildFile; fileRef = 4C627B1B1A0BD088001D0133 /* CFNetwork.framework */; };
		4C627B1E1A0BD090001D0133 /* CoreGraphics.framework in Frameworks */ = {isa = PBXBuildFile; fileRef = 4C627B1D1A0BD090001D0133 /* CoreGraphics.framework */; };
		4C627B201A0BD098001D0133 /* CoreLocation.framework in Frameworks */ = {isa = PBXBuildFile; fileRef = 4C627B1F1A0BD098001D0133 /* CoreLocation.framework */; };
		4C627B221A0BD09F001D0133 /* libz.dylib in Frameworks */ = {isa = PBXBuildFile; fileRef = 4C627B211A0BD09F001D0133 /* libz.dylib */; };
		4C627B241A0BD0AA001D0133 /* MobileCoreServices.framework in Frameworks */ = {isa = PBXBuildFile; fileRef = 4C627B231A0BD0AA001D0133 /* MobileCoreServices.framework */; };
		4C627B261A0BD0B5001D0133 /* QuartzCore.framework in Frameworks */ = {isa = PBXBuildFile; fileRef = 4C627B251A0BD0B5001D0133 /* QuartzCore.framework */; };
		4C627B281A0BD0C2001D0133 /* Security.framework in Frameworks */ = {isa = PBXBuildFile; fileRef = 4C627B271A0BD0C2001D0133 /* Security.framework */; };
		4C627B2A1A0BD0C9001D0133 /* StoreKit.framework in Frameworks */ = {isa = PBXBuildFile; fileRef = 4C627B291A0BD0C9001D0133 /* StoreKit.framework */; };
		4C627B2C1A0BD0DD001D0133 /* SystemConfiguration.framework in Frameworks */ = {isa = PBXBuildFile; fileRef = 4C627B2B1A0BD0DD001D0133 /* SystemConfiguration.framework */; };
		4C627B2F1A0BE3D3001D0133 /* Bolts.framework in Frameworks */ = {isa = PBXBuildFile; fileRef = 4C627B2D1A0BE3D3001D0133 /* Bolts.framework */; };
		4C627B301A0BE3D3001D0133 /* Parse.framework in Frameworks */ = {isa = PBXBuildFile; fileRef = 4C627B2E1A0BE3D3001D0133 /* Parse.framework */; };
		4CF4A2221A0BF6EC005D0556 /* MasterTableViewController.m in Sources */ = {isa = PBXBuildFile; fileRef = 4CF4A2211A0BF6EC005D0556 /* MasterTableViewController.m */; };
/* End PBXBuildFile section */

/* Begin PBXContainerItemProxy section */
		4C627B051A0BD026001D0133 /* PBXContainerItemProxy */ = {
			isa = PBXContainerItemProxy;
			containerPortal = 4C627AE01A0BD025001D0133 /* Project object */;
			proxyType = 1;
			remoteGlobalIDString = 4C627AE71A0BD026001D0133;
			remoteInfo = "Grocery List";
		};
/* End PBXContainerItemProxy section */

/* Begin PBXFileReference section */
		4C627AE81A0BD026001D0133 /* Grocery List.app */ = {isa = PBXFileReference; explicitFileType = wrapper.application; includeInIndex = 0; path = "Grocery List.app"; sourceTree = BUILT_PRODUCTS_DIR; };
		4C627AEC1A0BD026001D0133 /* Info.plist */ = {isa = PBXFileReference; lastKnownFileType = text.plist.xml; path = Info.plist; sourceTree = "<group>"; };
		4C627AED1A0BD026001D0133 /* main.m */ = {isa = PBXFileReference; lastKnownFileType = sourcecode.c.objc; path = main.m; sourceTree = "<group>"; };
		4C627AEF1A0BD026001D0133 /* AppDelegate.h */ = {isa = PBXFileReference; lastKnownFileType = sourcecode.c.h; path = AppDelegate.h; sourceTree = "<group>"; };
		4C627AF01A0BD026001D0133 /* AppDelegate.m */ = {isa = PBXFileReference; lastKnownFileType = sourcecode.c.objc; path = AppDelegate.m; sourceTree = "<group>"; };
		4C627AF51A0BD026001D0133 /* DetailViewController.h */ = {isa = PBXFileReference; lastKnownFileType = sourcecode.c.h; path = DetailViewController.h; sourceTree = "<group>"; };
		4C627AF61A0BD026001D0133 /* DetailViewController.m */ = {isa = PBXFileReference; lastKnownFileType = sourcecode.c.objc; path = DetailViewController.m; sourceTree = "<group>"; };
		4C627AF91A0BD026001D0133 /* Base */ = {isa = PBXFileReference; lastKnownFileType = file.storyboard; name = Base; path = Base.lproj/Main.storyboard; sourceTree = "<group>"; };
		4C627AFB1A0BD026001D0133 /* Images.xcassets */ = {isa = PBXFileReference; lastKnownFileType = folder.assetcatalog; path = Images.xcassets; sourceTree = "<group>"; };
		4C627AFE1A0BD026001D0133 /* Base */ = {isa = PBXFileReference; lastKnownFileType = file.xib; name = Base; path = Base.lproj/LaunchScreen.xib; sourceTree = "<group>"; };
		4C627B041A0BD026001D0133 /* Grocery ListTests.xctest */ = {isa = PBXFileReference; explicitFileType = wrapper.cfbundle; includeInIndex = 0; path = "Grocery ListTests.xctest"; sourceTree = BUILT_PRODUCTS_DIR; };
		4C627B091A0BD026001D0133 /* Info.plist */ = {isa = PBXFileReference; lastKnownFileType = text.plist.xml; path = Info.plist; sourceTree = "<group>"; };
		4C627B0A1A0BD026001D0133 /* Grocery_ListTests.m */ = {isa = PBXFileReference; lastKnownFileType = sourcecode.c.objc; path = Grocery_ListTests.m; sourceTree = "<group>"; };
		4C627B191A0BD079001D0133 /* AudioToolbox.framework */ = {isa = PBXFileReference; lastKnownFileType = wrapper.framework; name = AudioToolbox.framework; path = System/Library/Frameworks/AudioToolbox.framework; sourceTree = SDKROOT; };
		4C627B1B1A0BD088001D0133 /* CFNetwork.framework */ = {isa = PBXFileReference; lastKnownFileType = wrapper.framework; name = CFNetwork.framework; path = System/Library/Frameworks/CFNetwork.framework; sourceTree = SDKROOT; };
		4C627B1D1A0BD090001D0133 /* CoreGraphics.framework */ = {isa = PBXFileReference; lastKnownFileType = wrapper.framework; name = CoreGraphics.framework; path = System/Library/Frameworks/CoreGraphics.framework; sourceTree = SDKROOT; };
		4C627B1F1A0BD098001D0133 /* CoreLocation.framework */ = {isa = PBXFileReference; lastKnownFileType = wrapper.framework; name = CoreLocation.framework; path = System/Library/Frameworks/CoreLocation.framework; sourceTree = SDKROOT; };
		4C627B211A0BD09F001D0133 /* libz.dylib */ = {isa = PBXFileReference; lastKnownFileType = "compiled.mach-o.dylib"; name = libz.dylib; path = usr/lib/libz.dylib; sourceTree = SDKROOT; };
		4C627B231A0BD0AA001D0133 /* MobileCoreServices.framework */ = {isa = PBXFileReference; lastKnownFileType = wrapper.framework; name = MobileCoreServices.framework; path = System/Library/Frameworks/MobileCoreServices.framework; sourceTree = SDKROOT; };
		4C627B251A0BD0B5001D0133 /* QuartzCore.framework */ = {isa = PBXFileReference; lastKnownFileType = wrapper.framework; name = QuartzCore.framework; path = System/Library/Frameworks/QuartzCore.framework; sourceTree = SDKROOT; };
		4C627B271A0BD0C2001D0133 /* Security.framework */ = {isa = PBXFileReference; lastKnownFileType = wrapper.framework; name = Security.framework; path = System/Library/Frameworks/Security.framework; sourceTree = SDKROOT; };
		4C627B291A0BD0C9001D0133 /* StoreKit.framework */ = {isa = PBXFileReference; lastKnownFileType = wrapper.framework; name = StoreKit.framework; path = System/Library/Frameworks/StoreKit.framework; sourceTree = SDKROOT; };
		4C627B2B1A0BD0DD001D0133 /* SystemConfiguration.framework */ = {isa = PBXFileReference; lastKnownFileType = wrapper.framework; name = SystemConfiguration.framework; path = System/Library/Frameworks/SystemConfiguration.framework; sourceTree = SDKROOT; };
		4C627B2D1A0BE3D3001D0133 /* Bolts.framework */ = {isa = PBXFileReference; lastKnownFileType = wrapper.framework; path = Bolts.framework; sourceTree = "<group>"; };
		4C627B2E1A0BE3D3001D0133 /* Parse.framework */ = {isa = PBXFileReference; lastKnownFileType = wrapper.framework; path = Parse.framework; sourceTree = "<group>"; };
		4CF4A2201A0BF6EC005D0556 /* MasterTableViewController.h */ = {isa = PBXFileReference; fileEncoding = 4; lastKnownFileType = sourcecode.c.h; path = MasterTableViewController.h; sourceTree = "<group>"; };
		4CF4A2211A0BF6EC005D0556 /* MasterTableViewController.m */ = {isa = PBXFileReference; fileEncoding = 4; lastKnownFileType = sourcecode.c.objc; path = MasterTableViewController.m; sourceTree = "<group>"; };
/* End PBXFileReference section */

/* Begin PBXFrameworksBuildPhase section */
		4C627AE51A0BD026001D0133 /* Frameworks */ = {
			isa = PBXFrameworksBuildPhase;
			buildActionMask = 2147483647;
			files = (
				4C627B2C1A0BD0DD001D0133 /* SystemConfiguration.framework in Frameworks */,
				4C627B2A1A0BD0C9001D0133 /* StoreKit.framework in Frameworks */,
				4C627B281A0BD0C2001D0133 /* Security.framework in Frameworks */,
				4C627B261A0BD0B5001D0133 /* QuartzCore.framework in Frameworks */,
				4C627B241A0BD0AA001D0133 /* MobileCoreServices.framework in Frameworks */,
				4C627B221A0BD09F001D0133 /* libz.dylib in Frameworks */,
				4C627B201A0BD098001D0133 /* CoreLocation.framework in Frameworks */,
				4C627B1E1A0BD090001D0133 /* CoreGraphics.framework in Frameworks */,
				4C627B2F1A0BE3D3001D0133 /* Bolts.framework in Frameworks */,
				4C627B1C1A0BD089001D0133 /* CFNetwork.framework in Frameworks */,
				4C627B301A0BE3D3001D0133 /* Parse.framework in Frameworks */,
				4C627B1A1A0BD079001D0133 /* AudioToolbox.framework in Frameworks */,
			);
			runOnlyForDeploymentPostprocessing = 0;
		};
		4C627B011A0BD026001D0133 /* Frameworks */ = {
			isa = PBXFrameworksBuildPhase;
			buildActionMask = 2147483647;
			files = (
			);
			runOnlyForDeploymentPostprocessing = 0;
		};
/* End PBXFrameworksBuildPhase section */

/* Begin PBXGroup section */
		4C627ADF1A0BD025001D0133 = {
			isa = PBXGroup;
			children = (
				4C627B181A0BD061001D0133 /* Framework */,
				4C627AEA1A0BD026001D0133 /* Grocery List */,
				4C627B071A0BD026001D0133 /* Grocery ListTests */,
				4C627AE91A0BD026001D0133 /* Products */,
			);
			sourceTree = "<group>";
		};
		4C627AE91A0BD026001D0133 /* Products */ = {
			isa = PBXGroup;
			children = (
				4C627AE81A0BD026001D0133 /* Grocery List.app */,
				4C627B041A0BD026001D0133 /* Grocery ListTests.xctest */,
			);
			name = Products;
			sourceTree = "<group>";
		};
		4C627AEA1A0BD026001D0133 /* Grocery List */ = {
			isa = PBXGroup;
			children = (
				4C627AEF1A0BD026001D0133 /* AppDelegate.h */,
				4C627AF01A0BD026001D0133 /* AppDelegate.m */,
				4C627AF51A0BD026001D0133 /* DetailViewController.h */,
				4C627AF61A0BD026001D0133 /* DetailViewController.m */,
				4C627AF81A0BD026001D0133 /* Main.storyboard */,
				4CF4A2201A0BF6EC005D0556 /* MasterTableViewController.h */,
				4CF4A2211A0BF6EC005D0556 /* MasterTableViewController.m */,
				4C627AFB1A0BD026001D0133 /* Images.xcassets */,
				4C627AFD1A0BD026001D0133 /* LaunchScreen.xib */,
				4C627AEB1A0BD026001D0133 /* Supporting Files */,
			);
			path = "Grocery List";
			sourceTree = "<group>";
		};
		4C627AEB1A0BD026001D0133 /* Supporting Files */ = {
			isa = PBXGroup;
			children = (
				4C627AEC1A0BD026001D0133 /* Info.plist */,
				4C627AED1A0BD026001D0133 /* main.m */,
			);
			name = "Supporting Files";
			sourceTree = "<group>";
		};
		4C627B071A0BD026001D0133 /* Grocery ListTests */ = {
			isa = PBXGroup;
			children = (
				4C627B0A1A0BD026001D0133 /* Grocery_ListTests.m */,
				4C627B081A0BD026001D0133 /* Supporting Files */,
			);
			path = "Grocery ListTests";
			sourceTree = "<group>";
		};
		4C627B081A0BD026001D0133 /* Supporting Files */ = {
			isa = PBXGroup;
			children = (
				4C627B091A0BD026001D0133 /* Info.plist */,
			);
			name = "Supporting Files";
			sourceTree = "<group>";
		};
		4C627B181A0BD061001D0133 /* Framework */ = {
			isa = PBXGroup;
			children = (
				4C627B2D1A0BE3D3001D0133 /* Bolts.framework */,
				4C627B2E1A0BE3D3001D0133 /* Parse.framework */,
				4C627B2B1A0BD0DD001D0133 /* SystemConfiguration.framework */,
				4C627B291A0BD0C9001D0133 /* StoreKit.framework */,
				4C627B271A0BD0C2001D0133 /* Security.framework */,
				4C627B251A0BD0B5001D0133 /* QuartzCore.framework */,
				4C627B231A0BD0AA001D0133 /* MobileCoreServices.framework */,
				4C627B211A0BD09F001D0133 /* libz.dylib */,
				4C627B1F1A0BD098001D0133 /* CoreLocation.framework */,
				4C627B1D1A0BD090001D0133 /* CoreGraphics.framework */,
				4C627B1B1A0BD088001D0133 /* CFNetwork.framework */,
				4C627B191A0BD079001D0133 /* AudioToolbox.framework */,
			);
			name = Framework;
			path = "Grocery List";
			sourceTree = "<group>";
		};
/* End PBXGroup section */

/* Begin PBXNativeTarget section */
		4C627AE71A0BD026001D0133 /* Grocery List */ = {
			isa = PBXNativeTarget;
			buildConfigurationList = 4C627B0E1A0BD026001D0133 /* Build configuration list for PBXNativeTarget "Grocery List" */;
			buildPhases = (
				4C627AE41A0BD026001D0133 /* Sources */,
				4C627AE51A0BD026001D0133 /* Frameworks */,
				4C627AE61A0BD026001D0133 /* Resources */,
			);
			buildRules = (
			);
			dependencies = (
			);
			name = "Grocery List";
			productName = "Grocery List";
			productReference = 4C627AE81A0BD026001D0133 /* Grocery List.app */;
			productType = "com.apple.product-type.application";
		};
		4C627B031A0BD026001D0133 /* Grocery ListTests */ = {
			isa = PBXNativeTarget;
			buildConfigurationList = 4C627B111A0BD026001D0133 /* Build configuration list for PBXNativeTarget "Grocery ListTests" */;
			buildPhases = (
				4C627B001A0BD026001D0133 /* Sources */,
				4C627B011A0BD026001D0133 /* Frameworks */,
				4C627B021A0BD026001D0133 /* Resources */,
			);
			buildRules = (
			);
			dependencies = (
				4C627B061A0BD026001D0133 /* PBXTargetDependency */,
			);
			name = "Grocery ListTests";
			productName = "Grocery ListTests";
			productReference = 4C627B041A0BD026001D0133 /* Grocery ListTests.xctest */;
			productType = "com.apple.product-type.bundle.unit-test";
		};
/* End PBXNativeTarget section */

/* Begin PBXProject section */
		4C627AE01A0BD025001D0133 /* Project object */ = {
			isa = PBXProject;
			attributes = {
				LastUpgradeCheck = 0610;
				ORGANIZATIONNAME = "hartung-michael";
				TargetAttributes = {
					4C627AE71A0BD026001D0133 = {
						CreatedOnToolsVersion = 6.1;
					};
					4C627B031A0BD026001D0133 = {
						CreatedOnToolsVersion = 6.1;
						TestTargetID = 4C627AE71A0BD026001D0133;
					};
				};
			};
			buildConfigurationList = 4C627AE31A0BD025001D0133 /* Build configuration list for PBXProject "Grocery List" */;
			compatibilityVersion = "Xcode 3.2";
			developmentRegion = English;
			hasScannedForEncodings = 0;
			knownRegions = (
				en,
				Base,
			);
			mainGroup = 4C627ADF1A0BD025001D0133;
			productRefGroup = 4C627AE91A0BD026001D0133 /* Products */;
			projectDirPath = "";
			projectRoot = "";
			targets = (
				4C627AE71A0BD026001D0133 /* Grocery List */,
				4C627B031A0BD026001D0133 /* Grocery ListTests */,
			);
		};
/* End PBXProject section */

/* Begin PBXResourcesBuildPhase section */
		4C627AE61A0BD026001D0133 /* Resources */ = {
			isa = PBXResourcesBuildPhase;
			buildActionMask = 2147483647;
			files = (
				4C627AFA1A0BD026001D0133 /* Main.storyboard in Resources */,
				4C627AFF1A0BD026001D0133 /* LaunchScreen.xib in Resources */,
				4C627AFC1A0BD026001D0133 /* Images.xcassets in Resources */,
			);
			runOnlyForDeploymentPostprocessing = 0;
		};
		4C627B021A0BD026001D0133 /* Resources */ = {
			isa = PBXResourcesBuildPhase;
			buildActionMask = 2147483647;
			files = (
			);
			runOnlyForDeploymentPostprocessing = 0;
		};
/* End PBXResourcesBuildPhase section */

/* Begin PBXSourcesBuildPhase section */
		4C627AE41A0BD026001D0133 /* Sources */ = {
			isa = PBXSourcesBuildPhase;
			buildActionMask = 2147483647;
			files = (
				4C627AF11A0BD026001D0133 /* AppDelegate.m in Sources */,
				4CF4A2221A0BF6EC005D0556 /* MasterTableViewController.m in Sources */,
				4C627AEE1A0BD026001D0133 /* main.m in Sources */,
				4C627AF71A0BD026001D0133 /* DetailViewController.m in Sources */,
			);
			runOnlyForDeploymentPostprocessing = 0;
		};
		4C627B001A0BD026001D0133 /* Sources */ = {
			isa = PBXSourcesBuildPhase;
			buildActionMask = 2147483647;
			files = (
				4C627B0B1A0BD026001D0133 /* Grocery_ListTests.m in Sources */,
			);
			runOnlyForDeploymentPostprocessing = 0;
		};
/* End PBXSourcesBuildPhase section */

/* Begin PBXTargetDependency section */
		4C627B061A0BD026001D0133 /* PBXTargetDependency */ = {
			isa = PBXTargetDependency;
			target = 4C627AE71A0BD026001D0133 /* Grocery List */;
			targetProxy = 4C627B051A0BD026001D0133 /* PBXContainerItemProxy */;
		};
/* End PBXTargetDependency section */

/* Begin PBXVariantGroup section */
		4C627AF81A0BD026001D0133 /* Main.storyboard */ = {
			isa = PBXVariantGroup;
			children = (
				4C627AF91A0BD026001D0133 /* Base */,
			);
			name = Main.storyboard;
			sourceTree = "<group>";
		};
		4C627AFD1A0BD026001D0133 /* LaunchScreen.xib */ = {
			isa = PBXVariantGroup;
			children = (
				4C627AFE1A0BD026001D0133 /* Base */,
			);
			name = LaunchScreen.xib;
			sourceTree = "<group>";
		};
/* End PBXVariantGroup section */

/* Begin XCBuildConfiguration section */
		4C627B0C1A0BD026001D0133 /* Debug */ = {
			isa = XCBuildConfiguration;
			buildSettings = {
				ALWAYS_SEARCH_USER_PATHS = NO;
				CLANG_CXX_LANGUAGE_STANDARD = "gnu++0x";
				CLANG_CXX_LIBRARY = "libc++";
				CLANG_ENABLE_MODULES = YES;
				CLANG_ENABLE_OBJC_ARC = YES;
				CLANG_WARN_BOOL_CONVERSION = YES;
				CLANG_WARN_CONSTANT_CONVERSION = YES;
				CLANG_WARN_DIRECT_OBJC_ISA_USAGE = YES_ERROR;
				CLANG_WARN_EMPTY_BODY = YES;
				CLANG_WARN_ENUM_CONVERSION = YES;
				CLANG_WARN_INT_CONVERSION = YES;
				CLANG_WARN_OBJC_ROOT_CLASS = YES_ERROR;
				CLANG_WARN_UNREACHABLE_CODE = YES;
				CLANG_WARN__DUPLICATE_METHOD_MATCH = YES;
				"CODE_SIGN_IDENTITY[sdk=iphoneos*]" = "iPhone Developer";
				COPY_PHASE_STRIP = NO;
				ENABLE_STRICT_OBJC_MSGSEND = YES;
				GCC_C_LANGUAGE_STANDARD = gnu99;
				GCC_DYNAMIC_NO_PIC = NO;
				GCC_OPTIMIZATION_LEVEL = 0;
				GCC_PREPROCESSOR_DEFINITIONS = (
					"DEBUG=1",
					"$(inherited)",
				);
				GCC_SYMBOLS_PRIVATE_EXTERN = NO;
				GCC_WARN_64_TO_32_BIT_CONVERSION = YES;
				GCC_WARN_ABOUT_RETURN_TYPE = YES_ERROR;
				GCC_WARN_UNDECLARED_SELECTOR = YES;
				GCC_WARN_UNINITIALIZED_AUTOS = YES_AGGRESSIVE;
				GCC_WARN_UNUSED_FUNCTION = YES;
				GCC_WARN_UNUSED_VARIABLE = YES;
				IPHONEOS_DEPLOYMENT_TARGET = 8.1;
				MTL_ENABLE_DEBUG_INFO = YES;
				ONLY_ACTIVE_ARCH = YES;
				SDKROOT = iphoneos;
			};
			name = Debug;
		};
		4C627B0D1A0BD026001D0133 /* Release */ = {
			isa = XCBuildConfiguration;
			buildSettings = {
				ALWAYS_SEARCH_USER_PATHS = NO;
				CLANG_CXX_LANGUAGE_STANDARD = "gnu++0x";
				CLANG_CXX_LIBRARY = "libc++";
				CLANG_ENABLE_MODULES = YES;
				CLANG_ENABLE_OBJC_ARC = YES;
				CLANG_WARN_BOOL_CONVERSION = YES;
				CLANG_WARN_CONSTANT_CONVERSION = YES;
				CLANG_WARN_DIRECT_OBJC_ISA_USAGE = YES_ERROR;
				CLANG_WARN_EMPTY_BODY = YES;
				CLANG_WARN_ENUM_CONVERSION = YES;
				CLANG_WARN_INT_CONVERSION = YES;
				CLANG_WARN_OBJC_ROOT_CLASS = YES_ERROR;
				CLANG_WARN_UNREACHABLE_CODE = YES;
				CLANG_WARN__DUPLICATE_METHOD_MATCH = YES;
				"CODE_SIGN_IDENTITY[sdk=iphoneos*]" = "iPhone Developer";
				COPY_PHASE_STRIP = YES;
				ENABLE_NS_ASSERTIONS = NO;
				ENABLE_STRICT_OBJC_MSGSEND = YES;
				GCC_C_LANGUAGE_STANDARD = gnu99;
				GCC_WARN_64_TO_32_BIT_CONVERSION = YES;
				GCC_WARN_ABOUT_RETURN_TYPE = YES_ERROR;
				GCC_WARN_UNDECLARED_SELECTOR = YES;
				GCC_WARN_UNINITIALIZED_AUTOS = YES_AGGRESSIVE;
				GCC_WARN_UNUSED_FUNCTION = YES;
				GCC_WARN_UNUSED_VARIABLE = YES;
				IPHONEOS_DEPLOYMENT_TARGET = 8.1;
				MTL_ENABLE_DEBUG_INFO = NO;
				SDKROOT = iphoneos;
				VALIDATE_PRODUCT = YES;
			};
			name = Release;
		};
		4C627B0F1A0BD026001D0133 /* Debug */ = {
			isa = XCBuildConfiguration;
			buildSettings = {
				ASSETCATALOG_COMPILER_APPICON_NAME = AppIcon;
				ASSETCATALOG_COMPILER_LAUNCHIMAGE_NAME = LaunchImage;
				FRAMEWORK_SEARCH_PATHS = (
					"$(inherited)",
					"$(PROJECT_DIR)/**",
				);
				INFOPLIST_FILE = "Grocery List/Info.plist";
				IPHONEOS_DEPLOYMENT_TARGET = 7.1;
				LD_RUNPATH_SEARCH_PATHS = "$(inherited) @executable_path/Frameworks";
				PRODUCT_NAME = "$(TARGET_NAME)";
			};
			name = Debug;
		};
		4C627B101A0BD026001D0133 /* Release */ = {
			isa = XCBuildConfiguration;
			buildSettings = {
				ASSETCATALOG_COMPILER_APPICON_NAME = AppIcon;
				ASSETCATALOG_COMPILER_LAUNCHIMAGE_NAME = LaunchImage;
				FRAMEWORK_SEARCH_PATHS = "$(PROJECT_DIR)/**";
				INFOPLIST_FILE = "Grocery List/Info.plist";
				IPHONEOS_DEPLOYMENT_TARGET = 7.1;
				LD_RUNPATH_SEARCH_PATHS = "$(inherited) @executable_path/Frameworks";
				PRODUCT_NAME = "$(TARGET_NAME)";
			};
			name = Release;
		};
		4C627B121A0BD026001D0133 /* Debug */ = {
			isa = XCBuildConfiguration;
			buildSettings = {
				BUNDLE_LOADER = "$(TEST_HOST)";
				FRAMEWORK_SEARCH_PATHS = (
					"$(SDKROOT)/Developer/Library/Frameworks",
					"$(inherited)",
				);
				GCC_PREPROCESSOR_DEFINITIONS = (
					"DEBUG=1",
					"$(inherited)",
				);
				INFOPLIST_FILE = "Grocery ListTests/Info.plist";
				LD_RUNPATH_SEARCH_PATHS = "$(inherited) @executable_path/Frameworks @loader_path/Frameworks";
				PRODUCT_NAME = "$(TARGET_NAME)";
				TEST_HOST = "$(BUILT_PRODUCTS_DIR)/Grocery List.app/Grocery List";
			};
			name = Debug;
		};
		4C627B131A0BD026001D0133 /* Release */ = {
			isa = XCBuildConfiguration;
			buildSettings = {
				BUNDLE_LOADER = "$(TEST_HOST)";
				FRAMEWORK_SEARCH_PATHS = (
					"$(SDKROOT)/Developer/Library/Frameworks",
					"$(inherited)",
				);
				INFOPLIST_FILE = "Grocery ListTests/Info.plist";
				LD_RUNPATH_SEARCH_PATHS = "$(inherited) @executable_path/Frameworks @loader_path/Frameworks";
				PRODUCT_NAME = "$(TARGET_NAME)";
				TEST_HOST = "$(BUILT_PRODUCTS_DIR)/Grocery List.app/Grocery List";
			};
			name = Release;
		};
/* End XCBuildConfiguration section */

/* Begin XCConfigurationList section */
		4C627AE31A0BD025001D0133 /* Build configuration list for PBXProject "Grocery List" */ = {
			isa = XCConfigurationList;
			buildConfigurations = (
				4C627B0C1A0BD026001D0133 /* Debug */,
				4C627B0D1A0BD026001D0133 /* Release */,
			);
			defaultConfigurationIsVisible = 0;
			defaultConfigurationName = Release;
		};
		4C627B0E1A0BD026001D0133 /* Build configuration list for PBXNativeTarget "Grocery List" */ = {
			isa = XCConfigurationList;
			buildConfigurations = (
				4C627B0F1A0BD026001D0133 /* Debug */,
				4C627B101A0BD026001D0133 /* Release */,
			);
			defaultConfigurationIsVisible = 0;
			defaultConfigurationName = Release;
		};
		4C627B111A0BD026001D0133 /* Build configuration list for PBXNativeTarget "Grocery ListTests" */ = {
			isa = XCConfigurationList;
			buildConfigurations = (
				4C627B121A0BD026001D0133 /* Debug */,
				4C627B131A0BD026001D0133 /* Release */,
			);
			defaultConfigurationIsVisible = 0;
			defaultConfigurationName = Release;
		};
/* End XCConfigurationList section */
	};
	rootObject = 4C627AE01A0BD025001D0133 /* Project object */;
}
